
Microsoft Visual Studio Solution File, Format Version 12.00
# Visual Studio Version 17
VisualStudioVersion = 17.4.33110.190
MinimumVisualStudioVersion = 10.0.40219.1
Project("{FAE04EC0-301F-11D3-BF4B-00C04F79EFBC}") = "CrudOperationsApi", "CrudOperationsApi\CrudOperationsApi.csproj", "{21783896-1810-4833-958F-0D6F8AC5082A}"
EndProject
Global
	GlobalSection(SolutionConfigurationPlatforms) = preSolution
		Debug|Any CPU = Debug|Any CPU
		Release|Any CPU = Release|Any CPU
	EndGlobalSection
	GlobalSection(ProjectConfigurationPlatforms) = postSolution
		{21783896-1810-4833-958F-0D6F8AC5082A}.Debug|Any CPU.ActiveCfg = Debug|Any CPU
		{21783896-1810-4833-958F-0D6F8AC5082A}.Debug|Any CPU.Build.0 = Debug|Any CPU
		{21783896-1810-4833-958F-0D6F8AC5082A}.Release|Any CPU.ActiveCfg = Release|Any CPU
		{21783896-1810-4833-958F-0D6F8AC5082A}.Release|Any CPU.Build.0 = Release|Any CPU
	EndGlobalSection
	GlobalSection(SolutionProperties) = preSolution
		HideSolutionNode = FALSE
	EndGlobalSection
	GlobalSection(ExtensibilityGlobals) = postSolution
		SolutionGuid = {892FF0CA-7B50-4579-A9DF-0857C57C6E39}
	EndGlobalSection
EndGlobal
